
Microsoft Visual Studio Solution File, Format Version 12.00
# Visual Studio 15
VisualStudioVersion = 15.0.26124.0
MinimumVisualStudioVersion = 15.0.26124.0
Project("{9A19103F-16F7-4668-BE54-9A1E7A4F7556}") = "H3ml", "H3ml\H3ml.csproj", "{5ACE53DC-F177-4CE7-96AC-C36250BBA34B}"
EndProject
Project("{9A19103F-16F7-4668-BE54-9A1E7A4F7556}") = "H3ml.Tests", "H3ml.Tests\H3ml.Tests.csproj", "{535E4648-96CB-4896-B9ED-293308D84E15}"
EndProject
Project("{9A19103F-16F7-4668-BE54-9A1E7A4F7556}") = "H3ml.Container.WindowsForms", "Containers\H3ml.Container.WindowsForms\H3ml.Container.WindowsForms.csproj", "{5571FC90-0F97-4D96-8AD2-3E3A2116D3BC}"
EndProject
Project("{FAE04EC0-301F-11D3-BF4B-00C04F79EFBC}") = "Browser.Windows", "Browser.Windows\Browser.Windows.csproj", "{59EBEF4C-B55F-444F-A69A-FAC35FE0D200}"
EndProject
Project("{9A19103F-16F7-4668-BE54-9A1E7A4F7556}") = "H3ml.Script", "Script\H3ml.Script\H3ml.Script.csproj", "{3ABBBCBC-4D93-4C0A-AE26-05313A8F6874}"
EndProject
Project("{9A19103F-16F7-4668-BE54-9A1E7A4F7556}") = "H3ml.Script.Tests", "Script\H3ml.Script.Tests\H3ml.Script.Tests.csproj", "{17098255-FDA0-43CE-B57C-7473BE6E3597}"
EndProject
Project("{9A19103F-16F7-4668-BE54-9A1E7A4F7556}") = "H3ml.Script.Portable", "Script\H3ml.Script.Portable\H3ml.Script.Portable.csproj", "{F5E88DCE-A182-4776-8D0D-DD97AB8FD9CF}"
EndProject
Project("{9A19103F-16F7-4668-BE54-9A1E7A4F7556}") = "H3ml.Script.Portable.Tests", "Script\H3ml.Script.Portable.Tests\H3ml.Script.Portable.Tests.csproj", "{A891D307-6621-425A-8656-35E1B185D570}"
EndProject
Project("{9A19103F-16F7-4668-BE54-9A1E7A4F7556}") = "H3ml.AssetStudio", "Asset\H3ml.AssetStudio\H3ml.AssetStudio.csproj", "{98C452ED-165C-46D1-ACD8-CBA988B40137}"
EndProject
Project("{9A19103F-16F7-4668-BE54-9A1E7A4F7556}") = "H3ml.AssetProvider", "Asset\H3ml.AssetProvider\H3ml.AssetProvider.csproj", "{CF73649E-A7C9-42F7-95EF-6D4F2B735E8C}"
EndProject
Project("{FAE04EC0-301F-11D3-BF4B-00C04F79EFBC}") = "Browser.WindowsSimple", "Browser.WindowsSimple\Browser.WindowsSimple.csproj", "{B2F69BB4-FE8F-44FC-BDAB-97BFD0815B13}"
EndProject
Project("{2150E333-8FDC-42A3-9474-1A3956D46DE8}") = "Script", "Script", "{B82F8F22-CFE4-4A6F-9470-AAA0ACFBC6C1}"
EndProject
Project("{2150E333-8FDC-42A3-9474-1A3956D46DE8}") = "Asset", "Asset", "{C4AE2D9A-C7D2-49EE-B12C-7BE0526287DA}"
EndProject
Project("{2150E333-8FDC-42A3-9474-1A3956D46DE8}") = "Containers", "Containers", "{378E2DDF-17CE-4C6C-8A70-96998356D23B}"
EndProject
Project("{9A19103F-16F7-4668-BE54-9A1E7A4F7556}") = "H3ml.Container.Unity", "Containers\H3ml.Container.Unity\H3ml.Container.Unity.csproj", "{14D99E10-7015-4906-BC7E-DCE44E536431}"
EndProject
Global
	GlobalSection(SolutionConfigurationPlatforms) = preSolution
		Debug|Any CPU = Debug|Any CPU
		Release|Any CPU = Release|Any CPU
	EndGlobalSection
	GlobalSection(ProjectConfigurationPlatforms) = postSolution
		{5ACE53DC-F177-4CE7-96AC-C36250BBA34B}.Debug|Any CPU.ActiveCfg = Debug|Any CPU
		{5ACE53DC-F177-4CE7-96AC-C36250BBA34B}.Debug|Any CPU.Build.0 = Debug|Any CPU
		{5ACE53DC-F177-4CE7-96AC-C36250BBA34B}.Release|Any CPU.ActiveCfg = Release|Any CPU
		{5ACE53DC-F177-4CE7-96AC-C36250BBA34B}.Release|Any CPU.Build.0 = Release|Any CPU
		{535E4648-96CB-4896-B9ED-293308D84E15}.Debug|Any CPU.ActiveCfg = Debug|Any CPU
		{535E4648-96CB-4896-B9ED-293308D84E15}.Debug|Any CPU.Build.0 = Debug|Any CPU
		{535E4648-96CB-4896-B9ED-293308D84E15}.Release|Any CPU.ActiveCfg = Release|Any CPU
		{535E4648-96CB-4896-B9ED-293308D84E15}.Release|Any CPU.Build.0 = Release|Any CPU
		{5571FC90-0F97-4D96-8AD2-3E3A2116D3BC}.Debug|Any CPU.ActiveCfg = Debug|Any CPU
		{5571FC90-0F97-4D96-8AD2-3E3A2116D3BC}.Debug|Any CPU.Build.0 = Debug|Any CPU
		{5571FC90-0F97-4D96-8AD2-3E3A2116D3BC}.Release|Any CPU.ActiveCfg = Release|Any CPU
		{5571FC90-0F97-4D96-8AD2-3E3A2116D3BC}.Release|Any CPU.Build.0 = Release|Any CPU
		{59EBEF4C-B55F-444F-A69A-FAC35FE0D200}.Debug|Any CPU.ActiveCfg = Debug|Any CPU
		{59EBEF4C-B55F-444F-A69A-FAC35FE0D200}.Debug|Any CPU.Build.0 = Debug|Any CPU
		{59EBEF4C-B55F-444F-A69A-FAC35FE0D200}.Release|Any CPU.ActiveCfg = Release|Any CPU
		{59EBEF4C-B55F-444F-A69A-FAC35FE0D200}.Release|Any CPU.Build.0 = Release|Any CPU
		{3ABBBCBC-4D93-4C0A-AE26-05313A8F6874}.Debug|Any CPU.ActiveCfg = Debug|Any CPU
		{3ABBBCBC-4D93-4C0A-AE26-05313A8F6874}.Debug|Any CPU.Build.0 = Debug|Any CPU
		{3ABBBCBC-4D93-4C0A-AE26-05313A8F6874}.Release|Any CPU.ActiveCfg = Release|Any CPU
		{3ABBBCBC-4D93-4C0A-AE26-05313A8F6874}.Release|Any CPU.Build.0 = Release|Any CPU
		{17098255-FDA0-43CE-B57C-7473BE6E3597}.Debug|Any CPU.ActiveCfg = Debug|Any CPU
		{17098255-FDA0-43CE-B57C-7473BE6E3597}.Debug|Any CPU.Build.0 = Debug|Any CPU
		{17098255-FDA0-43CE-B57C-7473BE6E3597}.Release|Any CPU.ActiveCfg = Release|Any CPU
		{17098255-FDA0-43CE-B57C-7473BE6E3597}.Release|Any CPU.Build.0 = Release|Any CPU
		{F5E88DCE-A182-4776-8D0D-DD97AB8FD9CF}.Debug|Any CPU.ActiveCfg = Debug|Any CPU
		{F5E88DCE-A182-4776-8D0D-DD97AB8FD9CF}.Debug|Any CPU.Build.0 = Debug|Any CPU
		{F5E88DCE-A182-4776-8D0D-DD97AB8FD9CF}.Release|Any CPU.ActiveCfg = Release|Any CPU
		{F5E88DCE-A182-4776-8D0D-DD97AB8FD9CF}.Release|Any CPU.Build.0 = Release|Any CPU
		{A891D307-6621-425A-8656-35E1B185D570}.Debug|Any CPU.ActiveCfg = Debug|Any CPU
		{A891D307-6621-425A-8656-35E1B185D570}.Debug|Any CPU.Build.0 = Debug|Any CPU
		{A891D307-6621-425A-8656-35E1B185D570}.Release|Any CPU.ActiveCfg = Release|Any CPU
		{A891D307-6621-425A-8656-35E1B185D570}.Release|Any CPU.Build.0 = Release|Any CPU
		{98C452ED-165C-46D1-ACD8-CBA988B40137}.Debug|Any CPU.ActiveCfg = Debug|Any CPU
		{98C452ED-165C-46D1-ACD8-CBA988B40137}.Debug|Any CPU.Build.0 = Debug|Any CPU
		{98C452ED-165C-46D1-ACD8-CBA988B40137}.Release|Any CPU.ActiveCfg = Release|Any CPU
		{98C452ED-165C-46D1-ACD8-CBA988B40137}.Release|Any CPU.Build.0 = Release|Any CPU
		{CF73649E-A7C9-42F7-95EF-6D4F2B735E8C}.Debug|Any CPU.ActiveCfg = Debug|Any CPU
		{CF73649E-A7C9-42F7-95EF-6D4F2B735E8C}.Debug|Any CPU.Build.0 = Debug|Any CPU
		{CF73649E-A7C9-42F7-95EF-6D4F2B735E8C}.Release|Any CPU.ActiveCfg = Release|Any CPU
		{CF73649E-A7C9-42F7-95EF-6D4F2B735E8C}.Release|Any CPU.Build.0 = Release|Any CPU
		{B2F69BB4-FE8F-44FC-BDAB-97BFD0815B13}.Debug|Any CPU.ActiveCfg = Debug|Any CPU
		{B2F69BB4-FE8F-44FC-BDAB-97BFD0815B13}.Debug|Any CPU.Build.0 = Debug|Any CPU
		{B2F69BB4-FE8F-44FC-BDAB-97BFD0815B13}.Release|Any CPU.ActiveCfg = Release|Any CPU
		{B2F69BB4-FE8F-44FC-BDAB-97BFD0815B13}.Release|Any CPU.Build.0 = Release|Any CPU
		{14D99E10-7015-4906-BC7E-DCE44E536431}.Debug|Any CPU.ActiveCfg = Debug|Any CPU
		{14D99E10-7015-4906-BC7E-DCE44E536431}.Debug|Any CPU.Build.0 = Debug|Any CPU
		{14D99E10-7015-4906-BC7E-DCE44E536431}.Release|Any CPU.ActiveCfg = Release|Any CPU
		{14D99E10-7015-4906-BC7E-DCE44E536431}.Release|Any CPU.Build.0 = Release|Any CPU
	EndGlobalSection
	GlobalSection(SolutionProperties) = preSolution
		HideSolutionNode = FALSE
	EndGlobalSection
	GlobalSection(NestedProjects) = preSolution
		{5571FC90-0F97-4D96-8AD2-3E3A2116D3BC} = {378E2DDF-17CE-4C6C-8A70-96998356D23B}
		{3ABBBCBC-4D93-4C0A-AE26-05313A8F6874} = {B82F8F22-CFE4-4A6F-9470-AAA0ACFBC6C1}
		{17098255-FDA0-43CE-B57C-7473BE6E3597} = {B82F8F22-CFE4-4A6F-9470-AAA0ACFBC6C1}
		{F5E88DCE-A182-4776-8D0D-DD97AB8FD9CF} = {B82F8F22-CFE4-4A6F-9470-AAA0ACFBC6C1}
		{A891D307-6621-425A-8656-35E1B185D570} = {B82F8F22-CFE4-4A6F-9470-AAA0ACFBC6C1}
		{98C452ED-165C-46D1-ACD8-CBA988B40137} = {C4AE2D9A-C7D2-49EE-B12C-7BE0526287DA}
		{CF73649E-A7C9-42F7-95EF-6D4F2B735E8C} = {C4AE2D9A-C7D2-49EE-B12C-7BE0526287DA}
		{14D99E10-7015-4906-BC7E-DCE44E536431} = {378E2DDF-17CE-4C6C-8A70-96998356D23B}
	EndGlobalSection
	GlobalSection(ExtensibilityGlobals) = postSolution
		SolutionGuid = {A394811D-DB6E-4E59-8209-50AC7E9B8BE5}
	EndGlobalSection
EndGlobal
